
Microsoft Visual Studio Solution File, Format Version 12.00
Project("{FAE04EC0-301F-11D3-BF4B-00C04F79EFBC}") = "QApproximation", "QApproximation\QApproximation.csproj", "{D6113A47-2150-4AAC-963F-BAB046503850}"
EndProject
Global
	GlobalSection(SolutionConfigurationPlatforms) = preSolution
		Debug|Any CPU = Debug|Any CPU
		Release|Any CPU = Release|Any CPU
	EndGlobalSection
	GlobalSection(ProjectConfigurationPlatforms) = postSolution
		{D6113A47-2150-4AAC-963F-BAB046503850}.Debug|Any CPU.ActiveCfg = Debug|Any CPU
		{D6113A47-2150-4AAC-963F-BAB046503850}.Debug|Any CPU.Build.0 = Debug|Any CPU
		{D6113A47-2150-4AAC-963F-BAB046503850}.Release|Any CPU.ActiveCfg = Release|Any CPU
		{D6113A47-2150-4AAC-963F-BAB046503850}.Release|Any CPU.Build.0 = Release|Any CPU
	EndGlobalSection
EndGlobal
