
Microsoft Visual Studio Solution File, Format Version 12.00
Project("{FAE04EC0-301F-11D3-BF4B-00C04F79EFBC}") = "UnicodeSort", "UnicodeSort\UnicodeSort.csproj", "{6108D30C-49EF-49F4-938D-30432DE31DD3}"
EndProject
Global
	GlobalSection(SolutionConfigurationPlatforms) = preSolution
		Debug|Any CPU = Debug|Any CPU
		Release|Any CPU = Release|Any CPU
	EndGlobalSection
	GlobalSection(ProjectConfigurationPlatforms) = postSolution
		{6108D30C-49EF-49F4-938D-30432DE31DD3}.Debug|Any CPU.ActiveCfg = Debug|Any CPU
		{6108D30C-49EF-49F4-938D-30432DE31DD3}.Debug|Any CPU.Build.0 = Debug|Any CPU
		{6108D30C-49EF-49F4-938D-30432DE31DD3}.Release|Any CPU.ActiveCfg = Release|Any CPU
		{6108D30C-49EF-49F4-938D-30432DE31DD3}.Release|Any CPU.Build.0 = Release|Any CPU
	EndGlobalSection
EndGlobal
