
Microsoft Visual Studio Solution File, Format Version 12.00
Project("{FAE04EC0-301F-11D3-BF4B-00C04F79EFBC}") = "Shape", "Shape\Shape.csproj", "{E36A06DD-E036-4B4F-8590-2D2C7865FD55}"
EndProject
Global
	GlobalSection(SolutionConfigurationPlatforms) = preSolution
		Debug|Any CPU = Debug|Any CPU
		Release|Any CPU = Release|Any CPU
	EndGlobalSection
	GlobalSection(ProjectConfigurationPlatforms) = postSolution
		{E36A06DD-E036-4B4F-8590-2D2C7865FD55}.Debug|Any CPU.ActiveCfg = Debug|Any CPU
		{E36A06DD-E036-4B4F-8590-2D2C7865FD55}.Debug|Any CPU.Build.0 = Debug|Any CPU
		{E36A06DD-E036-4B4F-8590-2D2C7865FD55}.Release|Any CPU.ActiveCfg = Release|Any CPU
		{E36A06DD-E036-4B4F-8590-2D2C7865FD55}.Release|Any CPU.Build.0 = Release|Any CPU
	EndGlobalSection
EndGlobal
