
Microsoft Visual Studio Solution File, Format Version 12.00
Project("{FAE04EC0-301F-11D3-BF4B-00C04F79EFBC}") = "HandleException", "HandleException\HandleException.csproj", "{D222D10F-DE9C-47DE-86B5-041A7374F4C1}"
EndProject
Global
	GlobalSection(SolutionConfigurationPlatforms) = preSolution
		Debug|Any CPU = Debug|Any CPU
		Release|Any CPU = Release|Any CPU
	EndGlobalSection
	GlobalSection(ProjectConfigurationPlatforms) = postSolution
		{D222D10F-DE9C-47DE-86B5-041A7374F4C1}.Debug|Any CPU.ActiveCfg = Debug|Any CPU
		{D222D10F-DE9C-47DE-86B5-041A7374F4C1}.Debug|Any CPU.Build.0 = Debug|Any CPU
		{D222D10F-DE9C-47DE-86B5-041A7374F4C1}.Release|Any CPU.ActiveCfg = Release|Any CPU
		{D222D10F-DE9C-47DE-86B5-041A7374F4C1}.Release|Any CPU.Build.0 = Release|Any CPU
	EndGlobalSection
EndGlobal
